
Microsoft Visual Studio Solution File, Format Version 12.00
# Visual Studio Version 17
VisualStudioVersion = 17.11.35219.272
MinimumVisualStudioVersion = 10.0.40219.1
Project("{FAE04EC0-301F-11D3-BF4B-00C04F79EFBC}") = "AltV_Muetzi_invest", "AltV_Muetzi_invest\AltV_Muetzi_invest.csproj", "{6724DFFA-FE55-45A7-8579-DBB6C999520B}"
EndProject
Global
	GlobalSection(SolutionConfigurationPlatforms) = preSolution
		Debug|Any CPU = Debug|Any CPU
		Release|Any CPU = Release|Any CPU
	EndGlobalSection
	GlobalSection(ProjectConfigurationPlatforms) = postSolution
		{6724DFFA-FE55-45A7-8579-DBB6C999520B}.Debug|Any CPU.ActiveCfg = Debug|Any CPU
		{6724DFFA-FE55-45A7-8579-DBB6C999520B}.Debug|Any CPU.Build.0 = Debug|Any CPU
		{6724DFFA-FE55-45A7-8579-DBB6C999520B}.Release|Any CPU.ActiveCfg = Release|Any CPU
		{6724DFFA-FE55-45A7-8579-DBB6C999520B}.Release|Any CPU.Build.0 = Release|Any CPU
	EndGlobalSection
	GlobalSection(SolutionProperties) = preSolution
		HideSolutionNode = FALSE
	EndGlobalSection
	GlobalSection(ExtensibilityGlobals) = postSolution
		SolutionGuid = {D45AB95A-D0CE-447B-B5E8-88E78DCF47F0}
	EndGlobalSection
EndGlobal
